
Microsoft Visual Studio Solution File, Format Version 12.00
# Visual Studio Version 16
VisualStudioVersion = 16.0.30803.129
MinimumVisualStudioVersion = 10.0.40219.1
Project("{9A19103F-16F7-4668-BE54-9A1E7A4F7556}") = "Monoboard", "Monoboard\Monoboard.csproj", "{5DF720DA-5CA6-449C-850B-F633F8BF33D6}"
	ProjectSection(ProjectDependencies) = postProject
		{89100286-B1BD-4D78-9E5B-6ABBD1A257D2} = {89100286-B1BD-4D78-9E5B-6ABBD1A257D2}
	EndProjectSection
EndProject
Project("{9A19103F-16F7-4668-BE54-9A1E7A4F7556}") = "MonoboardCore", "MonoboardCore\MonoboardCore.csproj", "{89100286-B1BD-4D78-9E5B-6ABBD1A257D2}"
EndProject
Global
	GlobalSection(SolutionConfigurationPlatforms) = preSolution
		Debug|Any CPU = Debug|Any CPU
		Release|Any CPU = Release|Any CPU
	EndGlobalSection
	GlobalSection(ProjectConfigurationPlatforms) = postSolution
		{5DF720DA-5CA6-449C-850B-F633F8BF33D6}.Debug|Any CPU.ActiveCfg = Debug|Any CPU
		{5DF720DA-5CA6-449C-850B-F633F8BF33D6}.Debug|Any CPU.Build.0 = Debug|Any CPU
		{5DF720DA-5CA6-449C-850B-F633F8BF33D6}.Release|Any CPU.ActiveCfg = Release|Any CPU
		{5DF720DA-5CA6-449C-850B-F633F8BF33D6}.Release|Any CPU.Build.0 = Release|Any CPU
		{89100286-B1BD-4D78-9E5B-6ABBD1A257D2}.Debug|Any CPU.ActiveCfg = Debug|Any CPU
		{89100286-B1BD-4D78-9E5B-6ABBD1A257D2}.Debug|Any CPU.Build.0 = Debug|Any CPU
		{89100286-B1BD-4D78-9E5B-6ABBD1A257D2}.Release|Any CPU.ActiveCfg = Release|Any CPU
		{89100286-B1BD-4D78-9E5B-6ABBD1A257D2}.Release|Any CPU.Build.0 = Release|Any CPU
	EndGlobalSection
	GlobalSection(SolutionProperties) = preSolution
		HideSolutionNode = FALSE
	EndGlobalSection
	GlobalSection(ExtensibilityGlobals) = postSolution
		SolutionGuid = {111A82CE-E9AF-46F5-ADD2-445B38845A39}
	EndGlobalSection
EndGlobal
